
Microsoft Visual Studio Solution File, Format Version 12.00
# Visual Studio Version 17
VisualStudioVersion = 17.0.31903.59
MinimumVisualStudioVersion = 10.0.40219.1
Project("{FAE04EC0-301F-11D3-BF4B-00C04F79EFBC}") = "ReemRPG", "ReemRPG.csproj", "{762CB793-DB8F-441B-8C93-104EE15FCD45}"
EndProject
Project("{FAE04EC0-301F-11D3-BF4B-00C04F79EFBC}") = "ReemRPG.Tests", "ReemRPG.Tests\ReemRPG.Tests.csproj", "{5AF48A8D-4A54-40A3-B021-33F6A50AC41C}"
EndProject
Global
	GlobalSection(SolutionConfigurationPlatforms) = preSolution
		Debug|Any CPU = Debug|Any CPU
		Release|Any CPU = Release|Any CPU
	EndGlobalSection
	GlobalSection(SolutionProperties) = preSolution
		HideSolutionNode = FALSE
	EndGlobalSection
	GlobalSection(ProjectConfigurationPlatforms) = postSolution
		{762CB793-DB8F-441B-8C93-104EE15FCD45}.Debug|Any CPU.ActiveCfg = Debug|Any CPU
		{762CB793-DB8F-441B-8C93-104EE15FCD45}.Debug|Any CPU.Build.0 = Debug|Any CPU
		{762CB793-DB8F-441B-8C93-104EE15FCD45}.Release|Any CPU.ActiveCfg = Release|Any CPU
		{762CB793-DB8F-441B-8C93-104EE15FCD45}.Release|Any CPU.Build.0 = Release|Any CPU
		{5AF48A8D-4A54-40A3-B021-33F6A50AC41C}.Debug|Any CPU.ActiveCfg = Debug|Any CPU
		{5AF48A8D-4A54-40A3-B021-33F6A50AC41C}.Debug|Any CPU.Build.0 = Debug|Any CPU
		{5AF48A8D-4A54-40A3-B021-33F6A50AC41C}.Release|Any CPU.ActiveCfg = Release|Any CPU
		{5AF48A8D-4A54-40A3-B021-33F6A50AC41C}.Release|Any CPU.Build.0 = Release|Any CPU
	EndGlobalSection
EndGlobal
